
Microsoft Visual Studio Solution File, Format Version 12.00
# Visual Studio Version 16
VisualStudioVersion = 16.0.33214.272
MinimumVisualStudioVersion = 10.0.40219.1
Project("{FAE04EC0-301F-11D3-BF4B-00C04F79EFBC}") = "kurs_obmennik_mened", "TP_kurs\kurs_obmennik_mened.csproj", "{5069ECA0-B1D7-4C4E-BF3B-FA9457A2ADE8}"
EndProject
Global
	GlobalSection(SolutionConfigurationPlatforms) = preSolution
		Debug|Any CPU = Debug|Any CPU
		Release|Any CPU = Release|Any CPU
	EndGlobalSection
	GlobalSection(ProjectConfigurationPlatforms) = postSolution
		{5069ECA0-B1D7-4C4E-BF3B-FA9457A2ADE8}.Debug|Any CPU.ActiveCfg = Debug|Any CPU
		{5069ECA0-B1D7-4C4E-BF3B-FA9457A2ADE8}.Debug|Any CPU.Build.0 = Debug|Any CPU
		{5069ECA0-B1D7-4C4E-BF3B-FA9457A2ADE8}.Release|Any CPU.ActiveCfg = Release|Any CPU
		{5069ECA0-B1D7-4C4E-BF3B-FA9457A2ADE8}.Release|Any CPU.Build.0 = Release|Any CPU
	EndGlobalSection
	GlobalSection(SolutionProperties) = preSolution
		HideSolutionNode = FALSE
	EndGlobalSection
	GlobalSection(ExtensibilityGlobals) = postSolution
		SolutionGuid = {53E27C2C-5241-435F-8E71-84CE5856F814}
	EndGlobalSection
EndGlobal
